
Microsoft Visual Studio Solution File, Format Version 12.00
# Visual Studio Version 17
VisualStudioVersion = 17.13.35919.96 d17.13
MinimumVisualStudioVersion = 10.0.40219.1
Project("{FAE04EC0-301F-11D3-BF4B-00C04F79EFBC}") = "WinFormsSqlSugarDemo", "WinFormsSqlSugarDemo\WinFormsSqlSugarDemo.csproj", "{A39E6DD3-829E-453A-AF58-A7255AF62AD8}"
EndProject
Global
	GlobalSection(SolutionConfigurationPlatforms) = preSolution
		Debug|Any CPU = Debug|Any CPU
		Release|Any CPU = Release|Any CPU
	EndGlobalSection
	GlobalSection(ProjectConfigurationPlatforms) = postSolution
		{A39E6DD3-829E-453A-AF58-A7255AF62AD8}.Debug|Any CPU.ActiveCfg = Debug|Any CPU
		{A39E6DD3-829E-453A-AF58-A7255AF62AD8}.Debug|Any CPU.Build.0 = Debug|Any CPU
		{A39E6DD3-829E-453A-AF58-A7255AF62AD8}.Release|Any CPU.ActiveCfg = Release|Any CPU
		{A39E6DD3-829E-453A-AF58-A7255AF62AD8}.Release|Any CPU.Build.0 = Release|Any CPU
	EndGlobalSection
	GlobalSection(SolutionProperties) = preSolution
		HideSolutionNode = FALSE
	EndGlobalSection
	GlobalSection(ExtensibilityGlobals) = postSolution
		SolutionGuid = {997E96BE-C5A8-499C-8FF7-5A1022163A9B}
	EndGlobalSection
EndGlobal
